// !$*UTF8*$!
{
	archiveVersion = 1;
	classes = {
	};
	objectVersion = 48;
	objects = {

/* Begin PBXBuildFile section */
		1A337200437737EE97095EBF /* Pods_FireChat.framework in Frameworks */ = {isa = PBXBuildFile; fileRef = 500ED4561781A0FB74D33AED /* Pods_FireChat.framework */; };
		FA09B0C81FBD44570024A6EB /* UIImageView.swift in Sources */ = {isa = PBXBuildFile; fileRef = FA09B0C71FBD44570024A6EB /* UIImageView.swift */; };
		FA152BE91FB38C8100F368D4 /* LoginController.swift in Sources */ = {isa = PBXBuildFile; fileRef = FA152BE81FB38C8100F368D4 /* LoginController.swift */; };
		FA152BEC1FB38D0D00F368D4 /* UIColor.swift in Sources */ = {isa = PBXBuildFile; fileRef = FA152BEB1FB38D0D00F368D4 /* UIColor.swift */; };
		FA152BF31FB409E000F368D4 /* GoogleService-Info.plist in Resources */ = {isa = PBXBuildFile; fileRef = FA152BF21FB409E000F368D4 /* GoogleService-Info.plist */; };
		FA152BF51FB40E1B00F368D4 /* Assets.xcassets in Resources */ = {isa = PBXBuildFile; fileRef = FA152BF41FB40E1B00F368D4 /* Assets.xcassets */; };
		FADCF9871FB381B10071E4E9 /* AppDelegate.swift in Sources */ = {isa = PBXBuildFile; fileRef = FADCF9861FB381B10071E4E9 /* AppDelegate.swift */; };
		FADCF9891FB381B10071E4E9 /* MessagesController.swift in Sources */ = {isa = PBXBuildFile; fileRef = FADCF9881FB381B10071E4E9 /* MessagesController.swift */; };
		FADCF9911FB381B10071E4E9 /* LaunchScreen.storyboard in Resources */ = {isa = PBXBuildFile; fileRef = FADCF98F1FB381B10071E4E9 /* LaunchScreen.storyboard */; };
		FAF005DF1FB428C600E1E5DF /* NewMessageController.swift in Sources */ = {isa = PBXBuildFile; fileRef = FAF005DE1FB428C600E1E5DF /* NewMessageController.swift */; };
		FAF005E21FB42D3F00E1E5DF /* User.swift in Sources */ = {isa = PBXBuildFile; fileRef = FAF005E11FB42D3F00E1E5DF /* User.swift */; };
/* End PBXBuildFile section */

/* Begin PBXFileReference section */
		3CE94A4C8BDD7E025A7C6B97 /* Pods-FireChat.release.xcconfig */ = {isa = PBXFileReference; includeInIndex = 1; lastKnownFileType = text.xcconfig; name = "Pods-FireChat.release.xcconfig"; path = "Pods/Target Support Files/Pods-FireChat/Pods-FireChat.release.xcconfig"; sourceTree = "<group>"; };
		500ED4561781A0FB74D33AED /* Pods_FireChat.framework */ = {isa = PBXFileReference; explicitFileType = wrapper.framework; includeInIndex = 0; path = Pods_FireChat.framework; sourceTree = BUILT_PRODUCTS_DIR; };
		C2B419EC87CE76674355FD71 /* Pods-FireChat.debug.xcconfig */ = {isa = PBXFileReference; includeInIndex = 1; lastKnownFileType = text.xcconfig; name = "Pods-FireChat.debug.xcconfig"; path = "Pods/Target Support Files/Pods-FireChat/Pods-FireChat.debug.xcconfig"; sourceTree = "<group>"; };
		FA09B0C71FBD44570024A6EB /* UIImageView.swift */ = {isa = PBXFileReference; lastKnownFileType = sourcecode.swift; path = UIImageView.swift; sourceTree = "<group>"; };
		FA152BE81FB38C8100F368D4 /* LoginController.swift */ = {isa = PBXFileReference; lastKnownFileType = sourcecode.swift; path = LoginController.swift; sourceTree = "<group>"; };
		FA152BEB1FB38D0D00F368D4 /* UIColor.swift */ = {isa = PBXFileReference; lastKnownFileType = sourcecode.swift; path = UIColor.swift; sourceTree = "<group>"; };
		FA152BF21FB409E000F368D4 /* GoogleService-Info.plist */ = {isa = PBXFileReference; fileEncoding = 4; lastKnownFileType = text.plist.xml; path = "GoogleService-Info.plist"; sourceTree = "<group>"; };
		FA152BF41FB40E1B00F368D4 /* Assets.xcassets */ = {isa = PBXFileReference; lastKnownFileType = folder.assetcatalog; path = Assets.xcassets; sourceTree = "<group>"; };
		FADCF9831FB381B10071E4E9 /* FireChat.app */ = {isa = PBXFileReference; explicitFileType = wrapper.application; includeInIndex = 0; path = FireChat.app; sourceTree = BUILT_PRODUCTS_DIR; };
		FADCF9861FB381B10071E4E9 /* AppDelegate.swift */ = {isa = PBXFileReference; lastKnownFileType = sourcecode.swift; path = AppDelegate.swift; sourceTree = "<group>"; };
		FADCF9881FB381B10071E4E9 /* MessagesController.swift */ = {isa = PBXFileReference; lastKnownFileType = sourcecode.swift; path = MessagesController.swift; sourceTree = "<group>"; };
		FADCF9901FB381B10071E4E9 /* Base */ = {isa = PBXFileReference; lastKnownFileType = file.storyboard; name = Base; path = Base.lproj/LaunchScreen.storyboard; sourceTree = "<group>"; };
		FADCF9921FB381B10071E4E9 /* Info.plist */ = {isa = PBXFileReference; lastKnownFileType = text.plist.xml; path = Info.plist; sourceTree = "<group>"; };
		FAF005DE1FB428C600E1E5DF /* NewMessageController.swift */ = {isa = PBXFileReference; lastKnownFileType = sourcecode.swift; path = NewMessageController.swift; sourceTree = "<group>"; };
		FAF005E11FB42D3F00E1E5DF /* User.swift */ = {isa = PBXFileReference; lastKnownFileType = sourcecode.swift; path = User.swift; sourceTree = "<group>"; };
/* End PBXFileReference section */

/* Begin PBXFrameworksBuildPhase section */
		FADCF9801FB381B10071E4E9 /* Frameworks */ = {
			isa = PBXFrameworksBuildPhase;
			buildActionMask = 2147483647;
			files = (
				1A337200437737EE97095EBF /* Pods_FireChat.framework in Frameworks */,
			);
			runOnlyForDeploymentPostprocessing = 0;
		};
/* End PBXFrameworksBuildPhase section */

/* Begin PBXGroup section */
		982DF20D95E6AB63383FBCC4 /* Frameworks */ = {
			isa = PBXGroup;
			children = (
				500ED4561781A0FB74D33AED /* Pods_FireChat.framework */,
			);
			name = Frameworks;
			sourceTree = "<group>";
		};
		E0F2EDA7CD470126941E11C7 /* Pods */ = {
			isa = PBXGroup;
			children = (
				C2B419EC87CE76674355FD71 /* Pods-FireChat.debug.xcconfig */,
				3CE94A4C8BDD7E025A7C6B97 /* Pods-FireChat.release.xcconfig */,
			);
			name = Pods;
			sourceTree = "<group>";
		};
		FA152BE71FB38C5D00F368D4 /* Controllers */ = {
			isa = PBXGroup;
			children = (
				FADCF9881FB381B10071E4E9 /* MessagesController.swift */,
				FA152BE81FB38C8100F368D4 /* LoginController.swift */,
				FAF005DE1FB428C600E1E5DF /* NewMessageController.swift */,
			);
			path = Controllers;
			sourceTree = "<group>";
		};
		FA152BEA1FB38CF600F368D4 /* Extensions */ = {
			isa = PBXGroup;
			children = (
				FA152BEB1FB38D0D00F368D4 /* UIColor.swift */,
				FA09B0C71FBD44570024A6EB /* UIImageView.swift */,
			);
			path = Extensions;
			sourceTree = "<group>";
		};
		FADCF97A1FB381B10071E4E9 = {
			isa = PBXGroup;
			children = (
				FADCF9851FB381B10071E4E9 /* FireChat */,
				FADCF9841FB381B10071E4E9 /* Products */,
				E0F2EDA7CD470126941E11C7 /* Pods */,
				982DF20D95E6AB63383FBCC4 /* Frameworks */,
			);
			sourceTree = "<group>";
		};
		FADCF9841FB381B10071E4E9 /* Products */ = {
			isa = PBXGroup;
			children = (
				FADCF9831FB381B10071E4E9 /* FireChat.app */,
			);
			name = Products;
			sourceTree = "<group>";
		};
		FADCF9851FB381B10071E4E9 /* FireChat */ = {
			isa = PBXGroup;
			children = (
				FAF005E01FB42D2C00E1E5DF /* Model */,
				FA152BEA1FB38CF600F368D4 /* Extensions */,
				FA152BE71FB38C5D00F368D4 /* Controllers */,
				FADCF9861FB381B10071E4E9 /* AppDelegate.swift */,
				FADCF98F1FB381B10071E4E9 /* LaunchScreen.storyboard */,
				FADCF9921FB381B10071E4E9 /* Info.plist */,
				FA152BF21FB409E000F368D4 /* GoogleService-Info.plist */,
				FA152BF41FB40E1B00F368D4 /* Assets.xcassets */,
			);
			path = FireChat;
			sourceTree = "<group>";
		};
		FAF005E01FB42D2C00E1E5DF /* Model */ = {
			isa = PBXGroup;
			children = (
				FAF005E11FB42D3F00E1E5DF /* User.swift */,
			);
			path = Model;
			sourceTree = "<group>";
		};
/* End PBXGroup section */

/* Begin PBXNativeTarget section */
		FADCF9821FB381B10071E4E9 /* FireChat */ = {
			isa = PBXNativeTarget;
			buildConfigurationList = FADCF9951FB381B10071E4E9 /* Build configuration list for PBXNativeTarget "FireChat" */;
			buildPhases = (
				E5193EC928B5C747373A296F /* [CP] Check Pods Manifest.lock */,
				FADCF97F1FB381B10071E4E9 /* Sources */,
				FADCF9801FB381B10071E4E9 /* Frameworks */,
				FADCF9811FB381B10071E4E9 /* Resources */,
				EFCC705C7B0F75762F35691E /* [CP] Embed Pods Frameworks */,
				01606E6DCB69D43AA3FA2C12 /* [CP] Copy Pods Resources */,
			);
			buildRules = (
			);
			dependencies = (
			);
			name = FireChat;
			productName = FireChat;
			productReference = FADCF9831FB381B10071E4E9 /* FireChat.app */;
			productType = "com.apple.product-type.application";
		};
/* End PBXNativeTarget section */

/* Begin PBXProject section */
		FADCF97B1FB381B10071E4E9 /* Project object */ = {
			isa = PBXProject;
			attributes = {
				LastSwiftUpdateCheck = 0910;
				LastUpgradeCheck = 0910;
				ORGANIZATIONNAME = "Alejandro Cavazos";
				TargetAttributes = {
					FADCF9821FB381B10071E4E9 = {
						CreatedOnToolsVersion = 9.1;
						ProvisioningStyle = Automatic;
					};
				};
			};
			buildConfigurationList = FADCF97E1FB381B10071E4E9 /* Build configuration list for PBXProject "FireChat" */;
			compatibilityVersion = "Xcode 8.0";
			developmentRegion = en;
			hasScannedForEncodings = 0;
			knownRegions = (
				en,
				Base,
			);
			mainGroup = FADCF97A1FB381B10071E4E9;
			productRefGroup = FADCF9841FB381B10071E4E9 /* Products */;
			projectDirPath = "";
			projectRoot = "";
			targets = (
				FADCF9821FB381B10071E4E9 /* FireChat */,
			);
		};
/* End PBXProject section */

/* Begin PBXResourcesBuildPhase section */
		FADCF9811FB381B10071E4E9 /* Resources */ = {
			isa = PBXResourcesBuildPhase;
			buildActionMask = 2147483647;
			files = (
				FADCF9911FB381B10071E4E9 /* LaunchScreen.storyboard in Resources */,
				FA152BF51FB40E1B00F368D4 /* Assets.xcassets in Resources */,
				FA152BF31FB409E000F368D4 /* GoogleService-Info.plist in Resources */,
			);
			runOnlyForDeploymentPostprocessing = 0;
		};
/* End PBXResourcesBuildPhase section */

/* Begin PBXShellScriptBuildPhase section */
		01606E6DCB69D43AA3FA2C12 /* [CP] Copy Pods Resources */ = {
			isa = PBXShellScriptBuildPhase;
			buildActionMask = 2147483647;
			files = (
			);
			inputPaths = (
			);
			name = "[CP] Copy Pods Resources";
			outputPaths = (
			);
			runOnlyForDeploymentPostprocessing = 0;
			shellPath = /bin/sh;
			shellScript = "\"${SRCROOT}/Pods/Target Support Files/Pods-FireChat/Pods-FireChat-resources.sh\"\n";
			showEnvVarsInLog = 0;
		};
		E5193EC928B5C747373A296F /* [CP] Check Pods Manifest.lock */ = {
			isa = PBXShellScriptBuildPhase;
			buildActionMask = 2147483647;
			files = (
			);
			inputPaths = (
				"${PODS_PODFILE_DIR_PATH}/Podfile.lock",
				"${PODS_ROOT}/Manifest.lock",
			);
			name = "[CP] Check Pods Manifest.lock";
			outputPaths = (
				"$(DERIVED_FILE_DIR)/Pods-FireChat-checkManifestLockResult.txt",
			);
			runOnlyForDeploymentPostprocessing = 0;
			shellPath = /bin/sh;
			shellScript = "diff \"${PODS_PODFILE_DIR_PATH}/Podfile.lock\" \"${PODS_ROOT}/Manifest.lock\" > /dev/null\nif [ $? != 0 ] ; then\n    # print error to STDERR\n    echo \"error: The sandbox is not in sync with the Podfile.lock. Run 'pod install' or update your CocoaPods installation.\" >&2\n    exit 1\nfi\n# This output is used by Xcode 'outputs' to avoid re-running this script phase.\necho \"SUCCESS\" > \"${SCRIPT_OUTPUT_FILE_0}\"\n";
			showEnvVarsInLog = 0;
		};
		EFCC705C7B0F75762F35691E /* [CP] Embed Pods Frameworks */ = {
			isa = PBXShellScriptBuildPhase;
			buildActionMask = 2147483647;
			files = (
			);
			inputPaths = (
				"${SRCROOT}/Pods/Target Support Files/Pods-FireChat/Pods-FireChat-frameworks.sh",
				"${BUILT_PRODUCTS_DIR}/GTMSessionFetcher/GTMSessionFetcher.framework",
				"${BUILT_PRODUCTS_DIR}/GoogleToolboxForMac/GoogleToolboxForMac.framework",
				"${BUILT_PRODUCTS_DIR}/leveldb-library/leveldb.framework",
				"${BUILT_PRODUCTS_DIR}/nanopb/nanopb.framework",
			);
			name = "[CP] Embed Pods Frameworks";
			outputPaths = (
				"${TARGET_BUILD_DIR}/${FRAMEWORKS_FOLDER_PATH}/GTMSessionFetcher.framework",
				"${TARGET_BUILD_DIR}/${FRAMEWORKS_FOLDER_PATH}/GoogleToolboxForMac.framework",
				"${TARGET_BUILD_DIR}/${FRAMEWORKS_FOLDER_PATH}/leveldb.framework",
				"${TARGET_BUILD_DIR}/${FRAMEWORKS_FOLDER_PATH}/nanopb.framework",
			);
			runOnlyForDeploymentPostprocessing = 0;
			shellPath = /bin/sh;
			shellScript = "\"${SRCROOT}/Pods/Target Support Files/Pods-FireChat/Pods-FireChat-frameworks.sh\"\n";
			showEnvVarsInLog = 0;
		};
/* End PBXShellScriptBuildPhase section */

/* Begin PBXSourcesBuildPhase section */
		FADCF97F1FB381B10071E4E9 /* Sources */ = {
			isa = PBXSourcesBuildPhase;
			buildActionMask = 2147483647;
			files = (
				FADCF9891FB381B10071E4E9 /* MessagesController.swift in Sources */,
				FAF005DF1FB428C600E1E5DF /* NewMessageController.swift in Sources */,
				FA09B0C81FBD44570024A6EB /* UIImageView.swift in Sources */,
				FAF005E21FB42D3F00E1E5DF /* User.swift in Sources */,
				FA152BEC1FB38D0D00F368D4 /* UIColor.swift in Sources */,
				FA152BE91FB38C8100F368D4 /* LoginController.swift in Sources */,
				FADCF9871FB381B10071E4E9 /* AppDelegate.swift in Sources */,
			);
			runOnlyForDeploymentPostprocessing = 0;
		};
/* End PBXSourcesBuildPhase section */

/* Begin PBXVariantGroup section */
		FADCF98F1FB381B10071E4E9 /* LaunchScreen.storyboard */ = {
			isa = PBXVariantGroup;
			children = (
				FADCF9901FB381B10071E4E9 /* Base */,
			);
			name = LaunchScreen.storyboard;
			sourceTree = "<group>";
		};
/* End PBXVariantGroup section */

/* Begin XCBuildConfiguration section */
		FADCF9931FB381B10071E4E9 /* Debug */ = {
			isa = XCBuildConfiguration;
			buildSettings = {
				ALWAYS_SEARCH_USER_PATHS = NO;
				CLANG_ANALYZER_NONNULL = YES;
				CLANG_ANALYZER_NUMBER_OBJECT_CONVERSION = YES_AGGRESSIVE;
				CLANG_CXX_LANGUAGE_STANDARD = "gnu++14";
				CLANG_CXX_LIBRARY = "libc++";
				CLANG_ENABLE_MODULES = YES;
				CLANG_ENABLE_OBJC_ARC = YES;
				CLANG_WARN_BLOCK_CAPTURE_AUTORELEASING = YES;
				CLANG_WARN_BOOL_CONVERSION = YES;
				CLANG_WARN_COMMA = YES;
				CLANG_WARN_CONSTANT_CONVERSION = YES;
				CLANG_WARN_DIRECT_OBJC_ISA_USAGE = YES_ERROR;
				CLANG_WARN_DOCUMENTATION_COMMENTS = YES;
				CLANG_WARN_EMPTY_BODY = YES;
				CLANG_WARN_ENUM_CONVERSION = YES;
				CLANG_WARN_INFINITE_RECURSION = YES;
				CLANG_WARN_INT_CONVERSION = YES;
				CLANG_WARN_NON_LITERAL_NULL_CONVERSION = YES;
				CLANG_WARN_OBJC_LITERAL_CONVERSION = YES;
				CLANG_WARN_OBJC_ROOT_CLASS = YES_ERROR;
				CLANG_WARN_RANGE_LOOP_ANALYSIS = YES;
				CLANG_WARN_STRICT_PROTOTYPES = YES;
				CLANG_WARN_SUSPICIOUS_MOVE = YES;
				CLANG_WARN_UNGUARDED_AVAILABILITY = YES_AGGRESSIVE;
				CLANG_WARN_UNREACHABLE_CODE = YES;
				CLANG_WARN__DUPLICATE_METHOD_MATCH = YES;
				CODE_SIGN_IDENTITY = "iPhone Developer";
				COPY_PHASE_STRIP = NO;
				DEBUG_INFORMATION_FORMAT = dwarf;
				ENABLE_STRICT_OBJC_MSGSEND = YES;
				ENABLE_TESTABILITY = YES;
				GCC_C_LANGUAGE_STANDARD = gnu11;
				GCC_DYNAMIC_NO_PIC = NO;
				GCC_NO_COMMON_BLOCKS = YES;
				GCC_OPTIMIZATION_LEVEL = 0;
				GCC_PREPROCESSOR_DEFINITIONS = (
					"DEBUG=1",
					"$(inherited)",
				);
				GCC_WARN_64_TO_32_BIT_CONVERSION = YES;
				GCC_WARN_ABOUT_RETURN_TYPE = YES_ERROR;
				GCC_WARN_UNDECLARED_SELECTOR = YES;
				GCC_WARN_UNINITIALIZED_AUTOS = YES_AGGRESSIVE;
				GCC_WARN_UNUSED_FUNCTION = YES;
				GCC_WARN_UNUSED_VARIABLE = YES;
				IPHONEOS_DEPLOYMENT_TARGET = 11.1;
				MTL_ENABLE_DEBUG_INFO = YES;
				ONLY_ACTIVE_ARCH = YES;
				SDKROOT = iphoneos;
				SWIFT_ACTIVE_COMPILATION_CONDITIONS = DEBUG;
				SWIFT_OPTIMIZATION_LEVEL = "-Onone";
			};
			name = Debug;
		};
		FADCF9941FB381B10071E4E9 /* Release */ = {
			isa = XCBuildConfiguration;
			buildSettings = {
				ALWAYS_SEARCH_USER_PATHS = NO;
				CLANG_ANALYZER_NONNULL = YES;
				CLANG_ANALYZER_NUMBER_OBJECT_CONVERSION = YES_AGGRESSIVE;
				CLANG_CXX_LANGUAGE_STANDARD = "gnu++14";
				CLANG_CXX_LIBRARY = "libc++";
				CLANG_ENABLE_MODULES = YES;
				CLANG_ENABLE_OBJC_ARC = YES;
				CLANG_WARN_BLOCK_CAPTURE_AUTORELEASING = YES;
				CLANG_WARN_BOOL_CONVERSION = YES;
				CLANG_WARN_COMMA = YES;
				CLANG_WARN_CONSTANT_CONVERSION = YES;
				CLANG_WARN_DIRECT_OBJC_ISA_USAGE = YES_ERROR;
				CLANG_WARN_DOCUMENTATION_COMMENTS = YES;
				CLANG_WARN_EMPTY_BODY = YES;
				CLANG_WARN_ENUM_CONVERSION = YES;
				CLANG_WARN_INFINITE_RECURSION = YES;
				CLANG_WARN_INT_CONVERSION = YES;
				CLANG_WARN_NON_LITERAL_NULL_CONVERSION = YES;
				CLANG_WARN_OBJC_LITERAL_CONVERSION = YES;
				CLANG_WARN_OBJC_ROOT_CLASS = YES_ERROR;
				CLANG_WARN_RANGE_LOOP_ANALYSIS = YES;
				CLANG_WARN_STRICT_PROTOTYPES = YES;
				CLANG_WARN_SUSPICIOUS_MOVE = YES;
				CLANG_WARN_UNGUARDED_AVAILABILITY = YES_AGGRESSIVE;
				CLANG_WARN_UNREACHABLE_CODE = YES;
				CLANG_WARN__DUPLICATE_METHOD_MATCH = YES;
				CODE_SIGN_IDENTITY = "iPhone Developer";
				COPY_PHASE_STRIP = NO;
				DEBUG_INFORMATION_FORMAT = "dwarf-with-dsym";
				ENABLE_NS_ASSERTIONS = NO;
				ENABLE_STRICT_OBJC_MSGSEND = YES;
				GCC_C_LANGUAGE_STANDARD = gnu11;
				GCC_NO_COMMON_BLOCKS = YES;
				GCC_WARN_64_TO_32_BIT_CONVERSION = YES;
				GCC_WARN_ABOUT_RETURN_TYPE = YES_ERROR;
				GCC_WARN_UNDECLARED_SELECTOR = YES;
				GCC_WARN_UNINITIALIZED_AUTOS = YES_AGGRESSIVE;
				GCC_WARN_UNUSED_FUNCTION = YES;
				GCC_WARN_UNUSED_VARIABLE = YES;
				IPHONEOS_DEPLOYMENT_TARGET = 11.1;
				MTL_ENABLE_DEBUG_INFO = NO;
				SDKROOT = iphoneos;
				SWIFT_OPTIMIZATION_LEVEL = "-Owholemodule";
				VALIDATE_PRODUCT = YES;
			};
			name = Release;
		};
		FADCF9961FB381B10071E4E9 /* Debug */ = {
			isa = XCBuildConfiguration;
			baseConfigurationReference = C2B419EC87CE76674355FD71 /* Pods-FireChat.debug.xcconfig */;
			buildSettings = {
				ASSETCATALOG_COMPILER_APPICON_NAME = AppIcon;
				CODE_SIGN_STYLE = Automatic;
				DEVELOPMENT_TEAM = C7FJ7CL46U;
				INFOPLIST_FILE = FireChat/Info.plist;
				IPHONEOS_DEPLOYMENT_TARGET = 10.3;
				LD_RUNPATH_SEARCH_PATHS = "$(inherited) @executable_path/Frameworks";
				PRODUCT_BUNDLE_IDENTIFIER = alexkvazos.FireChat;
				PRODUCT_NAME = "$(TARGET_NAME)";
				SWIFT_VERSION = 4.0;
				TARGETED_DEVICE_FAMILY = "1,2";
			};
			name = Debug;
		};
		FADCF9971FB381B10071E4E9 /* Release */ = {
			isa = XCBuildConfiguration;
			baseConfigurationReference = 3CE94A4C8BDD7E025A7C6B97 /* Pods-FireChat.release.xcconfig */;
			buildSettings = {
				ASSETCATALOG_COMPILER_APPICON_NAME = AppIcon;
				CODE_SIGN_STYLE = Automatic;
				DEVELOPMENT_TEAM = C7FJ7CL46U;
				INFOPLIST_FILE = FireChat/Info.plist;
				IPHONEOS_DEPLOYMENT_TARGET = 10.3;
				LD_RUNPATH_SEARCH_PATHS = "$(inherited) @executable_path/Frameworks";
				PRODUCT_BUNDLE_IDENTIFIER = alexkvazos.FireChat;
				PRODUCT_NAME = "$(TARGET_NAME)";
				SWIFT_VERSION = 4.0;
				TARGETED_DEVICE_FAMILY = "1,2";
			};
			name = Release;
		};
/* End XCBuildConfiguration section */

/* Begin XCConfigurationList section */
		FADCF97E1FB381B10071E4E9 /* Build configuration list for PBXProject "FireChat" */ = {
			isa = XCConfigurationList;
			buildConfigurations = (
				FADCF9931FB381B10071E4E9 /* Debug */,
				FADCF9941FB381B10071E4E9 /* Release */,
			);
			defaultConfigurationIsVisible = 0;
			defaultConfigurationName = Release;
		};
		FADCF9951FB381B10071E4E9 /* Build configuration list for PBXNativeTarget "FireChat" */ = {
			isa = XCConfigurationList;
			buildConfigurations = (
				FADCF9961FB381B10071E4E9 /* Debug */,
				FADCF9971FB381B10071E4E9 /* Release */,
			);
			defaultConfigurationIsVisible = 0;
			defaultConfigurationName = Release;
		};
/* End XCConfigurationList section */
	};
	rootObject = FADCF97B1FB381B10071E4E9 /* Project object */;
}
